
Microsoft Visual Studio Solution File, Format Version 12.00
# Visual Studio 14
VisualStudioVersion = 14.0.25420.1
MinimumVisualStudioVersion = 10.0.40219.1
Project("{FAE04EC0-301F-11D3-BF4B-00C04F79EFBC}") = "DotNetTools", "DotNetTools\DotNetTools.csproj", "{1A5BE5BE-6F70-4293-A62A-F09D91C91DC4}"
EndProject
Project("{FAE04EC0-301F-11D3-BF4B-00C04F79EFBC}") = "DotNetTools.Tests", "DotNetTools.Tests\DotNetTools.Tests.csproj", "{CB82B6E6-F5B4-413F-95C6-46C4C457F540}"
EndProject
Project("{7CF6DF6D-3B04-46F8-A40B-537D21BCA0B4}") = "DotNetTools.Doc", "DotNetTools.Doc\DotNetTools.Doc.shfbproj", "{09F6FC93-D548-46AC-BB9A-164FBDE2D417}"
EndProject
Global
	GlobalSection(SolutionConfigurationPlatforms) = preSolution
		Debug|Any CPU = Debug|Any CPU
		Release|Any CPU = Release|Any CPU
	EndGlobalSection
	GlobalSection(ProjectConfigurationPlatforms) = postSolution
		{1A5BE5BE-6F70-4293-A62A-F09D91C91DC4}.Debug|Any CPU.ActiveCfg = Debug|Any CPU
		{1A5BE5BE-6F70-4293-A62A-F09D91C91DC4}.Debug|Any CPU.Build.0 = Debug|Any CPU
		{1A5BE5BE-6F70-4293-A62A-F09D91C91DC4}.Release|Any CPU.ActiveCfg = Release|Any CPU
		{1A5BE5BE-6F70-4293-A62A-F09D91C91DC4}.Release|Any CPU.Build.0 = Release|Any CPU
		{CB82B6E6-F5B4-413F-95C6-46C4C457F540}.Debug|Any CPU.ActiveCfg = Debug|Any CPU
		{CB82B6E6-F5B4-413F-95C6-46C4C457F540}.Debug|Any CPU.Build.0 = Debug|Any CPU
		{CB82B6E6-F5B4-413F-95C6-46C4C457F540}.Release|Any CPU.ActiveCfg = Release|Any CPU
		{CB82B6E6-F5B4-413F-95C6-46C4C457F540}.Release|Any CPU.Build.0 = Release|Any CPU
		{09F6FC93-D548-46AC-BB9A-164FBDE2D417}.Debug|Any CPU.ActiveCfg = Debug|Any CPU
		{09F6FC93-D548-46AC-BB9A-164FBDE2D417}.Release|Any CPU.ActiveCfg = Release|Any CPU
	EndGlobalSection
	GlobalSection(SolutionProperties) = preSolution
		HideSolutionNode = FALSE
	EndGlobalSection
	GlobalSection(TeamFoundationVersionControl) = preSolution
		SccNumberOfProjects = 4
		SccEnterpriseProvider = {4CA58AB2-18FA-4F8D-95D4-32DDF27D184C}
		SccTeamFoundationServer = http://10.61.130.102:8080/tfs_2/ccse
		SccLocalPath0 = .
		SccProjectUniqueName1 = DotNetTools\\DotNetTools.csproj
		SccProjectName1 = DotNetTools
		SccLocalPath1 = DotNetTools
		SccProjectUniqueName2 = DotNetTools.Doc\\DotNetTools.Doc.shfbproj
		SccProjectName2 = DotNetTools.Doc
		SccLocalPath2 = DotNetTools.Doc
		SccProjectUniqueName3 = DotNetTools.Tests\\DotNetTools.Tests.csproj
		SccProjectName3 = DotNetTools.Tests
		SccLocalPath3 = DotNetTools.Tests
	EndGlobalSection
EndGlobal
